
Microsoft Visual Studio Solution File, Format Version 12.00
# Visual Studio Version 16
VisualStudioVersion = 16.0.30002.166
MinimumVisualStudioVersion = 10.0.40219.1
Project("{9A19103F-16F7-4668-BE54-9A1E7A4F7556}") = "OmgShop", "OmgShop\OmgShop.csproj", "{FF0B9054-1B23-44C4-95D3-D3D117F553E3}"
EndProject
Project("{9A19103F-16F7-4668-BE54-9A1E7A4F7556}") = "CoreRCON", "CoreRCON-master\src\CoreRCON\CoreRCON.csproj", "{111EC7CD-B7CC-4BA6-A1A3-C09379CF8B5D}"
EndProject
Project("{9A19103F-16F7-4668-BE54-9A1E7A4F7556}") = "MCExample", "CoreRCON-master\src\MCExample\MCExample.csproj", "{E3C7B853-FC58-4884-BD93-480DAB065F15}"
EndProject
Global
	GlobalSection(SolutionConfigurationPlatforms) = preSolution
		Debug|Any CPU = Debug|Any CPU
		Release|Any CPU = Release|Any CPU
	EndGlobalSection
	GlobalSection(ProjectConfigurationPlatforms) = postSolution
		{FF0B9054-1B23-44C4-95D3-D3D117F553E3}.Debug|Any CPU.ActiveCfg = Debug|Any CPU
		{FF0B9054-1B23-44C4-95D3-D3D117F553E3}.Debug|Any CPU.Build.0 = Debug|Any CPU
		{FF0B9054-1B23-44C4-95D3-D3D117F553E3}.Release|Any CPU.ActiveCfg = Release|Any CPU
		{FF0B9054-1B23-44C4-95D3-D3D117F553E3}.Release|Any CPU.Build.0 = Release|Any CPU
		{111EC7CD-B7CC-4BA6-A1A3-C09379CF8B5D}.Debug|Any CPU.ActiveCfg = Debug|Any CPU
		{111EC7CD-B7CC-4BA6-A1A3-C09379CF8B5D}.Debug|Any CPU.Build.0 = Debug|Any CPU
		{111EC7CD-B7CC-4BA6-A1A3-C09379CF8B5D}.Release|Any CPU.ActiveCfg = Release|Any CPU
		{111EC7CD-B7CC-4BA6-A1A3-C09379CF8B5D}.Release|Any CPU.Build.0 = Release|Any CPU
		{E3C7B853-FC58-4884-BD93-480DAB065F15}.Debug|Any CPU.ActiveCfg = Debug|Any CPU
		{E3C7B853-FC58-4884-BD93-480DAB065F15}.Debug|Any CPU.Build.0 = Debug|Any CPU
		{E3C7B853-FC58-4884-BD93-480DAB065F15}.Release|Any CPU.ActiveCfg = Release|Any CPU
		{E3C7B853-FC58-4884-BD93-480DAB065F15}.Release|Any CPU.Build.0 = Release|Any CPU
	EndGlobalSection
	GlobalSection(SolutionProperties) = preSolution
		HideSolutionNode = FALSE
	EndGlobalSection
	GlobalSection(ExtensibilityGlobals) = postSolution
		SolutionGuid = {14568DA0-00F6-4970-8F6F-E43F8B3C444E}
	EndGlobalSection
EndGlobal
