
Microsoft Visual Studio Solution File, Format Version 12.00
# Visual Studio Version 16
VisualStudioVersion = 16.0.30002.166
MinimumVisualStudioVersion = 10.0.40219.1
Project("{FAE04EC0-301F-11D3-BF4B-00C04F79EFBC}") = "OmgShop", "OmgShop\OmgShop.csproj", "{FF0B9054-1B23-44C4-95D3-D3D117F553E3}"
EndProject
Global
	GlobalSection(SolutionConfigurationPlatforms) = preSolution
		Debug|Any CPU = Debug|Any CPU
		Release|Any CPU = Release|Any CPU
	EndGlobalSection
	GlobalSection(ProjectConfigurationPlatforms) = postSolution
		{FF0B9054-1B23-44C4-95D3-D3D117F553E3}.Debug|Any CPU.ActiveCfg = Debug|Any CPU
		{FF0B9054-1B23-44C4-95D3-D3D117F553E3}.Debug|Any CPU.Build.0 = Debug|Any CPU
		{FF0B9054-1B23-44C4-95D3-D3D117F553E3}.Release|Any CPU.ActiveCfg = Release|Any CPU
		{FF0B9054-1B23-44C4-95D3-D3D117F553E3}.Release|Any CPU.Build.0 = Release|Any CPU
	EndGlobalSection
	GlobalSection(SolutionProperties) = preSolution
		HideSolutionNode = FALSE
	EndGlobalSection
	GlobalSection(ExtensibilityGlobals) = postSolution
		SolutionGuid = {14568DA0-00F6-4970-8F6F-E43F8B3C444E}
	EndGlobalSection
EndGlobal
